
Microsoft Visual Studio Solution File, Format Version 12.00
# Visual Studio Version 16
VisualStudioVersion = 16.0.30114.105
MinimumVisualStudioVersion = 10.0.40219.1
Project("{FAE04EC0-301F-11D3-BF4B-00C04F79EFBC}") = "DevOps.Request", "DevOps.Request\DevOps.Request.csproj", "{2147A9CB-1607-4922-B98A-E436ADEA882C}"
EndProject
Global
	GlobalSection(SolutionConfigurationPlatforms) = preSolution
		Debug|Any CPU = Debug|Any CPU
		Release|Any CPU = Release|Any CPU
	EndGlobalSection
	GlobalSection(ProjectConfigurationPlatforms) = postSolution
		{2147A9CB-1607-4922-B98A-E436ADEA882C}.Debug|Any CPU.ActiveCfg = Debug|Any CPU
		{2147A9CB-1607-4922-B98A-E436ADEA882C}.Debug|Any CPU.Build.0 = Debug|Any CPU
		{2147A9CB-1607-4922-B98A-E436ADEA882C}.Release|Any CPU.ActiveCfg = Release|Any CPU
		{2147A9CB-1607-4922-B98A-E436ADEA882C}.Release|Any CPU.Build.0 = Release|Any CPU
	EndGlobalSection
	GlobalSection(SolutionProperties) = preSolution
		HideSolutionNode = FALSE
	EndGlobalSection
	GlobalSection(ExtensibilityGlobals) = postSolution
		SolutionGuid = {DF16B40C-089C-4ADF-9712-8B1D3C054987}
	EndGlobalSection
EndGlobal
